
Microsoft Visual Studio Solution File, Format Version 12.00
# Visual Studio 2012
Project("{FAE04EC0-301F-11D3-BF4B-00C04F79EFBC}") = "Users1C", "Users1C\Users1C.csproj", "{B861B6B4-7688-4153-95BC-3D908CC8E074}"
EndProject
Global
	GlobalSection(SolutionConfigurationPlatforms) = preSolution
		Debug|Any CPU = Debug|Any CPU
		Release|Any CPU = Release|Any CPU
	EndGlobalSection
	GlobalSection(ProjectConfigurationPlatforms) = postSolution
		{B861B6B4-7688-4153-95BC-3D908CC8E074}.Debug|Any CPU.ActiveCfg = Debug|Any CPU
		{B861B6B4-7688-4153-95BC-3D908CC8E074}.Debug|Any CPU.Build.0 = Debug|Any CPU
		{B861B6B4-7688-4153-95BC-3D908CC8E074}.Release|Any CPU.ActiveCfg = Release|Any CPU
		{B861B6B4-7688-4153-95BC-3D908CC8E074}.Release|Any CPU.Build.0 = Release|Any CPU
	EndGlobalSection
	GlobalSection(SolutionProperties) = preSolution
		HideSolutionNode = FALSE
	EndGlobalSection
EndGlobal
